
Microsoft Visual Studio Solution File, Format Version 12.00
# Visual Studio Version 17
VisualStudioVersion = 17.9.34723.18
MinimumVisualStudioVersion = 10.0.40219.1
Project("{FAE04EC0-301F-11D3-BF4B-00C04F79EFBC}") = "Orak.WebPro.Admin", "AI_Website_Generator\Orak.WebPro.Admin.csproj", "{955F793A-6E6A-4A32-8598-BD2EE7367505}"
EndProject
Project("{FAE04EC0-301F-11D3-BF4B-00C04F79EFBC}") = "Orak.WebPro.Client", "Orak.WebPro.Client\Orak.WebPro.Client.csproj", "{6B53CE76-C45C-4F24-8017-D282584FCEBE}"
EndProject
Project("{FAE04EC0-301F-11D3-BF4B-00C04F79EFBC}") = "Orak.WebPro.Shared", "Orak.WebPro.Shared\Orak.WebPro.Shared.csproj", "{773F94B1-BBDB-437F-8B9B-9A645AE1668F}"
EndProject
Project("{FAE04EC0-301F-11D3-BF4B-00C04F79EFBC}") = "Orak.WebPro.Data", "Orak.WebPro.Data\Orak.WebPro.Data.csproj", "{D7BE2C41-9D69-400E-BCD7-6AEA2CF1BFE8}"
EndProject
Project("{FAE04EC0-301F-11D3-BF4B-00C04F79EFBC}") = "Orak.WebPro.Services", "Orak.WebPro.Services\Orak.WebPro.Services.csproj", "{97788220-74FA-485F-A2DA-E1A668D800AE}"
EndProject
Global
	GlobalSection(SolutionConfigurationPlatforms) = preSolution
		Debug|Any CPU = Debug|Any CPU
		Release|Any CPU = Release|Any CPU
	EndGlobalSection
	GlobalSection(ProjectConfigurationPlatforms) = postSolution
		{955F793A-6E6A-4A32-8598-BD2EE7367505}.Debug|Any CPU.ActiveCfg = Debug|Any CPU
		{955F793A-6E6A-4A32-8598-BD2EE7367505}.Debug|Any CPU.Build.0 = Debug|Any CPU
		{955F793A-6E6A-4A32-8598-BD2EE7367505}.Release|Any CPU.ActiveCfg = Release|Any CPU
		{955F793A-6E6A-4A32-8598-BD2EE7367505}.Release|Any CPU.Build.0 = Release|Any CPU
		{6B53CE76-C45C-4F24-8017-D282584FCEBE}.Debug|Any CPU.ActiveCfg = Debug|Any CPU
		{6B53CE76-C45C-4F24-8017-D282584FCEBE}.Debug|Any CPU.Build.0 = Debug|Any CPU
		{6B53CE76-C45C-4F24-8017-D282584FCEBE}.Release|Any CPU.ActiveCfg = Release|Any CPU
		{6B53CE76-C45C-4F24-8017-D282584FCEBE}.Release|Any CPU.Build.0 = Release|Any CPU
		{773F94B1-BBDB-437F-8B9B-9A645AE1668F}.Debug|Any CPU.ActiveCfg = Debug|Any CPU
		{773F94B1-BBDB-437F-8B9B-9A645AE1668F}.Debug|Any CPU.Build.0 = Debug|Any CPU
		{773F94B1-BBDB-437F-8B9B-9A645AE1668F}.Release|Any CPU.ActiveCfg = Release|Any CPU
		{773F94B1-BBDB-437F-8B9B-9A645AE1668F}.Release|Any CPU.Build.0 = Release|Any CPU
		{D7BE2C41-9D69-400E-BCD7-6AEA2CF1BFE8}.Debug|Any CPU.ActiveCfg = Debug|Any CPU
		{D7BE2C41-9D69-400E-BCD7-6AEA2CF1BFE8}.Debug|Any CPU.Build.0 = Debug|Any CPU
		{D7BE2C41-9D69-400E-BCD7-6AEA2CF1BFE8}.Release|Any CPU.ActiveCfg = Release|Any CPU
		{D7BE2C41-9D69-400E-BCD7-6AEA2CF1BFE8}.Release|Any CPU.Build.0 = Release|Any CPU
		{97788220-74FA-485F-A2DA-E1A668D800AE}.Debug|Any CPU.ActiveCfg = Debug|Any CPU
		{97788220-74FA-485F-A2DA-E1A668D800AE}.Debug|Any CPU.Build.0 = Debug|Any CPU
		{97788220-74FA-485F-A2DA-E1A668D800AE}.Release|Any CPU.ActiveCfg = Release|Any CPU
		{97788220-74FA-485F-A2DA-E1A668D800AE}.Release|Any CPU.Build.0 = Release|Any CPU
	EndGlobalSection
	GlobalSection(SolutionProperties) = preSolution
		HideSolutionNode = FALSE
	EndGlobalSection
	GlobalSection(ExtensibilityGlobals) = postSolution
		SolutionGuid = {B51B1D02-9D7D-41C3-9C46-772052B2315E}
	EndGlobalSection
EndGlobal
