
Microsoft Visual Studio Solution File, Format Version 12.00
# Visual Studio Version 17
VisualStudioVersion = 17.9.34723.18
MinimumVisualStudioVersion = 10.0.40219.1
Project("{FAE04EC0-301F-11D3-BF4B-00C04F79EFBC}") = "AI_Website_Generator", "AI_Website_Generator\AI_Website_Generator.csproj", "{955F793A-6E6A-4A32-8598-BD2EE7367505}"
EndProject
Global
	GlobalSection(SolutionConfigurationPlatforms) = preSolution
		Debug|Any CPU = Debug|Any CPU
		Release|Any CPU = Release|Any CPU
	EndGlobalSection
	GlobalSection(ProjectConfigurationPlatforms) = postSolution
		{955F793A-6E6A-4A32-8598-BD2EE7367505}.Debug|Any CPU.ActiveCfg = Debug|Any CPU
		{955F793A-6E6A-4A32-8598-BD2EE7367505}.Debug|Any CPU.Build.0 = Debug|Any CPU
		{955F793A-6E6A-4A32-8598-BD2EE7367505}.Release|Any CPU.ActiveCfg = Release|Any CPU
		{955F793A-6E6A-4A32-8598-BD2EE7367505}.Release|Any CPU.Build.0 = Release|Any CPU
	EndGlobalSection
	GlobalSection(SolutionProperties) = preSolution
		HideSolutionNode = FALSE
	EndGlobalSection
	GlobalSection(ExtensibilityGlobals) = postSolution
		SolutionGuid = {B51B1D02-9D7D-41C3-9C46-772052B2315E}
	EndGlobalSection
EndGlobal
